
Microsoft Visual Studio Solution File, Format Version 12.00
# Visual Studio Version 17
VisualStudioVersion = 17.5.33530.505
MinimumVisualStudioVersion = 10.0.40219.1
Project("{9A19103F-16F7-4668-BE54-9A1E7A4F7556}") = "Doshirach.Carting", "Doshirach.Carting\Doshirach.Carting.csproj", "{890FC9EF-E94F-4439-B91F-9BA1769F3334}"
EndProject
Project("{FAE04EC0-301F-11D3-BF4B-00C04F79EFBC}") = "Doshirach.Catalog.Core", "Doshirach.Catalog.Core\Doshirach.Catalog.Core.csproj", "{1E574A4D-D87C-4062-9121-FF237354C006}"
EndProject
Project("{FAE04EC0-301F-11D3-BF4B-00C04F79EFBC}") = "Doshirach.Catalog.Persistence", "Doshirach.Catalog.Persistence\Doshirach.Catalog.Persistence.csproj", "{69E016C1-2133-4485-B508-8030F3763A2A}"
EndProject
Project("{FAE04EC0-301F-11D3-BF4B-00C04F79EFBC}") = "Doshirach.Catalog.Domain", "Doshirach.Catalog.Domain\Doshirach.Catalog.Domain.csproj", "{699024DD-4474-403A-8B63-6F3F779F7748}"
EndProject
Global
	GlobalSection(SolutionConfigurationPlatforms) = preSolution
		Debug|Any CPU = Debug|Any CPU
		Release|Any CPU = Release|Any CPU
	EndGlobalSection
	GlobalSection(ProjectConfigurationPlatforms) = postSolution
		{890FC9EF-E94F-4439-B91F-9BA1769F3334}.Debug|Any CPU.ActiveCfg = Debug|Any CPU
		{890FC9EF-E94F-4439-B91F-9BA1769F3334}.Debug|Any CPU.Build.0 = Debug|Any CPU
		{890FC9EF-E94F-4439-B91F-9BA1769F3334}.Release|Any CPU.ActiveCfg = Release|Any CPU
		{890FC9EF-E94F-4439-B91F-9BA1769F3334}.Release|Any CPU.Build.0 = Release|Any CPU
		{1E574A4D-D87C-4062-9121-FF237354C006}.Debug|Any CPU.ActiveCfg = Debug|Any CPU
		{1E574A4D-D87C-4062-9121-FF237354C006}.Debug|Any CPU.Build.0 = Debug|Any CPU
		{1E574A4D-D87C-4062-9121-FF237354C006}.Release|Any CPU.ActiveCfg = Release|Any CPU
		{1E574A4D-D87C-4062-9121-FF237354C006}.Release|Any CPU.Build.0 = Release|Any CPU
		{69E016C1-2133-4485-B508-8030F3763A2A}.Debug|Any CPU.ActiveCfg = Debug|Any CPU
		{69E016C1-2133-4485-B508-8030F3763A2A}.Debug|Any CPU.Build.0 = Debug|Any CPU
		{69E016C1-2133-4485-B508-8030F3763A2A}.Release|Any CPU.ActiveCfg = Release|Any CPU
		{69E016C1-2133-4485-B508-8030F3763A2A}.Release|Any CPU.Build.0 = Release|Any CPU
		{699024DD-4474-403A-8B63-6F3F779F7748}.Debug|Any CPU.ActiveCfg = Debug|Any CPU
		{699024DD-4474-403A-8B63-6F3F779F7748}.Debug|Any CPU.Build.0 = Debug|Any CPU
		{699024DD-4474-403A-8B63-6F3F779F7748}.Release|Any CPU.ActiveCfg = Release|Any CPU
		{699024DD-4474-403A-8B63-6F3F779F7748}.Release|Any CPU.Build.0 = Release|Any CPU
	EndGlobalSection
	GlobalSection(SolutionProperties) = preSolution
		HideSolutionNode = FALSE
	EndGlobalSection
	GlobalSection(ExtensibilityGlobals) = postSolution
		SolutionGuid = {21537E74-5628-475C-884D-3259565991CB}
	EndGlobalSection
EndGlobal
